
Microsoft Visual Studio Solution File, Format Version 12.00
# Visual Studio Version 17
VisualStudioVersion = 17.0.32014.148
MinimumVisualStudioVersion = 10.0.40219.1
Project("{9A19103F-16F7-4668-BE54-9A1E7A4F7556}") = "BookStoreApp.API", "BookStoreApp.API\BookStoreApp.API.csproj", "{C5033B52-B9D4-4E2D-9594-26E334D520A3}"
EndProject
Project("{00D1A9C2-B5F0-4AF3-8072-F6C62B433612}") = "BookStoreDb", "BookStoreDb\BookStoreDb.sqlproj", "{7C903A75-175B-4E20-8F6F-E9A8D0318EB9}"
EndProject
Project("{9A19103F-16F7-4668-BE54-9A1E7A4F7556}") = "BookStoreApp.Blazor.Server.UI", "BookStoreApp.Blazor.Server.UI\BookStoreApp.Blazor.Server.UI.csproj", "{F8D270D6-444F-4237-9020-D060410BA948}"
EndProject
Project("{FAE04EC0-301F-11D3-BF4B-00C04F79EFBC}") = "BookStoreApp.Blazor.WebAssembly.UI", "BookStoreApp.Blazor.WebAssembly.UI\BookStoreApp.Blazor.WebAssembly.UI.csproj", "{FEFC1837-0E02-4A39-9A03-4789460FD271}"
EndProject
Global
	GlobalSection(SolutionConfigurationPlatforms) = preSolution
		Debug|Any CPU = Debug|Any CPU
		Release|Any CPU = Release|Any CPU
	EndGlobalSection
	GlobalSection(ProjectConfigurationPlatforms) = postSolution
		{C5033B52-B9D4-4E2D-9594-26E334D520A3}.Debug|Any CPU.ActiveCfg = Debug|Any CPU
		{C5033B52-B9D4-4E2D-9594-26E334D520A3}.Debug|Any CPU.Build.0 = Debug|Any CPU
		{C5033B52-B9D4-4E2D-9594-26E334D520A3}.Release|Any CPU.ActiveCfg = Release|Any CPU
		{C5033B52-B9D4-4E2D-9594-26E334D520A3}.Release|Any CPU.Build.0 = Release|Any CPU
		{7C903A75-175B-4E20-8F6F-E9A8D0318EB9}.Debug|Any CPU.ActiveCfg = Debug|Any CPU
		{7C903A75-175B-4E20-8F6F-E9A8D0318EB9}.Debug|Any CPU.Build.0 = Debug|Any CPU
		{7C903A75-175B-4E20-8F6F-E9A8D0318EB9}.Debug|Any CPU.Deploy.0 = Debug|Any CPU
		{7C903A75-175B-4E20-8F6F-E9A8D0318EB9}.Release|Any CPU.ActiveCfg = Release|Any CPU
		{7C903A75-175B-4E20-8F6F-E9A8D0318EB9}.Release|Any CPU.Build.0 = Release|Any CPU
		{7C903A75-175B-4E20-8F6F-E9A8D0318EB9}.Release|Any CPU.Deploy.0 = Release|Any CPU
		{F8D270D6-444F-4237-9020-D060410BA948}.Debug|Any CPU.ActiveCfg = Debug|Any CPU
		{F8D270D6-444F-4237-9020-D060410BA948}.Debug|Any CPU.Build.0 = Debug|Any CPU
		{F8D270D6-444F-4237-9020-D060410BA948}.Release|Any CPU.ActiveCfg = Release|Any CPU
		{F8D270D6-444F-4237-9020-D060410BA948}.Release|Any CPU.Build.0 = Release|Any CPU
		{FEFC1837-0E02-4A39-9A03-4789460FD271}.Debug|Any CPU.ActiveCfg = Debug|Any CPU
		{FEFC1837-0E02-4A39-9A03-4789460FD271}.Debug|Any CPU.Build.0 = Debug|Any CPU
		{FEFC1837-0E02-4A39-9A03-4789460FD271}.Release|Any CPU.ActiveCfg = Release|Any CPU
		{FEFC1837-0E02-4A39-9A03-4789460FD271}.Release|Any CPU.Build.0 = Release|Any CPU
	EndGlobalSection
	GlobalSection(SolutionProperties) = preSolution
		HideSolutionNode = FALSE
	EndGlobalSection
	GlobalSection(ExtensibilityGlobals) = postSolution
		SolutionGuid = {2F88668B-47F7-415B-9361-74FDB84F7C02}
	EndGlobalSection
EndGlobal
